// !$*UTF8*$!
{
	archiveVersion = 1;
	classes = {
	};
	objectVersion = 46;
	objects = {

/* Begin PBXBuildFile section */
		1CF3C08EA7A3467E9E698879 /* libPods.a in Frameworks */ = {isa = PBXBuildFile; fileRef = A76794F5B26D43FC90B5301A /* libPods.a */; };
		2A2AC1BA176D67D700E449BD /* MBFlipsideViewController.m in Sources */ = {isa = PBXBuildFile; fileRef = 2A2AC1B7176D67D700E449BD /* MBFlipsideViewController.m */; };
		2A2AC1BB176D67D700E449BD /* MBMainViewController.m in Sources */ = {isa = PBXBuildFile; fileRef = 2A2AC1B9176D67D700E449BD /* MBMainViewController.m */; };
		2A2AC1BE176D682500E449BD /* MBNowViewController.m in Sources */ = {isa = PBXBuildFile; fileRef = 2A2AC1BD176D682500E449BD /* MBNowViewController.m */; };
		2A2AC1DE176D814C00E449BD /* MBRoomDaySchedule+Engine.m in Sources */ = {isa = PBXBuildFile; fileRef = 2A2AC1DD176D814C00E449BD /* MBRoomDaySchedule+Engine.m */; };
		2A2AC1E4176D893B00E449BD /* MBTimeWindow.m in Sources */ = {isa = PBXBuildFile; fileRef = 2A2AC1E3176D893B00E449BD /* MBTimeWindow.m */; };
		FD2361A9176BB4FE002CABE7 /* UIKit.framework in Frameworks */ = {isa = PBXBuildFile; fileRef = FD2361A8176BB4FE002CABE7 /* UIKit.framework */; };
		FD2361AB176BB4FE002CABE7 /* Foundation.framework in Frameworks */ = {isa = PBXBuildFile; fileRef = FD2361AA176BB4FE002CABE7 /* Foundation.framework */; };
		FD2361AD176BB4FE002CABE7 /* CoreGraphics.framework in Frameworks */ = {isa = PBXBuildFile; fileRef = FD2361AC176BB4FE002CABE7 /* CoreGraphics.framework */; };
		FD2361B3176BB4FE002CABE7 /* InfoPlist.strings in Resources */ = {isa = PBXBuildFile; fileRef = FD2361B1176BB4FE002CABE7 /* InfoPlist.strings */; };
		FD2361B5176BB4FE002CABE7 /* main.m in Sources */ = {isa = PBXBuildFile; fileRef = FD2361B4176BB4FE002CABE7 /* main.m */; };
		FD2361B9176BB4FE002CABE7 /* MBAppDelegate.m in Sources */ = {isa = PBXBuildFile; fileRef = FD2361B8176BB4FE002CABE7 /* MBAppDelegate.m */; };
		FD2361BB176BB4FE002CABE7 /* Default.png in Resources */ = {isa = PBXBuildFile; fileRef = FD2361BA176BB4FE002CABE7 /* Default.png */; };
		FD2361BD176BB4FE002CABE7 /* Default@2x.png in Resources */ = {isa = PBXBuildFile; fileRef = FD2361BC176BB4FE002CABE7 /* Default@2x.png */; };
		FD2361BF176BB4FE002CABE7 /* Default-568h@2x.png in Resources */ = {isa = PBXBuildFile; fileRef = FD2361BE176BB4FE002CABE7 /* Default-568h@2x.png */; };
		FD2361C2176BB4FE002CABE7 /* MainStoryboard.storyboard in Resources */ = {isa = PBXBuildFile; fileRef = FD2361C0176BB4FE002CABE7 /* MainStoryboard.storyboard */; };
		FD2361D0176BB4FE002CABE7 /* SenTestingKit.framework in Frameworks */ = {isa = PBXBuildFile; fileRef = FD2361CF176BB4FE002CABE7 /* SenTestingKit.framework */; };
		FD2361D1176BB4FE002CABE7 /* UIKit.framework in Frameworks */ = {isa = PBXBuildFile; fileRef = FD2361A8176BB4FE002CABE7 /* UIKit.framework */; };
		FD2361D2176BB4FE002CABE7 /* Foundation.framework in Frameworks */ = {isa = PBXBuildFile; fileRef = FD2361AA176BB4FE002CABE7 /* Foundation.framework */; };
		FD2361DA176BB4FE002CABE7 /* InfoPlist.strings in Resources */ = {isa = PBXBuildFile; fileRef = FD2361D8176BB4FE002CABE7 /* InfoPlist.strings */; };
		FD2361DD176BB4FE002CABE7 /* RoomieTests.m in Sources */ = {isa = PBXBuildFile; fileRef = FD2361DC176BB4FE002CABE7 /* RoomieTests.m */; };
		FD6C64CE176BBCB000F68E86 /* MBStaff.m in Sources */ = {isa = PBXBuildFile; fileRef = FD6C64CD176BBCB000F68E86 /* MBStaff.m */; };
		FD6C64D1176BBCD400F68E86 /* MBRoom.m in Sources */ = {isa = PBXBuildFile; fileRef = FD6C64D0176BBCD400F68E86 /* MBRoom.m */; };
		FD6C64D4176BBCED00F68E86 /* MBRoomBooking.m in Sources */ = {isa = PBXBuildFile; fileRef = FD6C64D3176BBCED00F68E86 /* MBRoomBooking.m */; };
		FD6C64D8176BBE5300F68E86 /* MBRoomDaySchedule.m in Sources */ = {isa = PBXBuildFile; fileRef = FD6C64D7176BBE5200F68E86 /* MBRoomDaySchedule.m */; };
		FD6C64E1176BC60B00F68E86 /* NSDate+DateBrain.m in Sources */ = {isa = PBXBuildFile; fileRef = FD6C64E0176BC60B00F68E86 /* NSDate+DateBrain.m */; };
		FDA5E326176C20DF0075802B /* QuartzCore.framework in Frameworks */ = {isa = PBXBuildFile; fileRef = FDA5E325176C20DF0075802B /* QuartzCore.framework */; };
		FDA5E32D176C21E50075802B /* MBRoomMockRepository.m in Sources */ = {isa = PBXBuildFile; fileRef = FDA5E329176C21E50075802B /* MBRoomMockRepository.m */; };
		FDA5E32E176C21E50075802B /* MBRoomService.m in Sources */ = {isa = PBXBuildFile; fileRef = FDA5E32C176C21E50075802B /* MBRoomService.m */; };
		FDA5E332176C31BB0075802B /* MBRoomBooking+MAEvent.m in Sources */ = {isa = PBXBuildFile; fileRef = FDA5E331176C31BB0075802B /* MBRoomBooking+MAEvent.m */; };
		FDA5E335176C3C230075802B /* MBRoomDaySchedule+MAEvents.m in Sources */ = {isa = PBXBuildFile; fileRef = FDA5E334176C3C220075802B /* MBRoomDaySchedule+MAEvents.m */; };
/* End PBXBuildFile section */

/* Begin PBXContainerItemProxy section */
		FD2361D3176BB4FE002CABE7 /* PBXContainerItemProxy */ = {
			isa = PBXContainerItemProxy;
			containerPortal = FD23619D176BB4FD002CABE7 /* Project object */;
			proxyType = 1;
			remoteGlobalIDString = FD2361A4176BB4FE002CABE7;
			remoteInfo = Roomie;
		};
/* End PBXContainerItemProxy section */

/* Begin PBXFileReference section */
		264AE6F48D0F431B8E884C9C /* Pods.xcconfig */ = {isa = PBXFileReference; includeInIndex = 1; lastKnownFileType = text.xcconfig; name = Pods.xcconfig; path = Pods/Pods.xcconfig; sourceTree = SOURCE_ROOT; };
		2A2AC1B6176D67D700E449BD /* MBFlipsideViewController.h */ = {isa = PBXFileReference; fileEncoding = 4; lastKnownFileType = sourcecode.c.h; path = MBFlipsideViewController.h; sourceTree = "<group>"; };
		2A2AC1B7176D67D700E449BD /* MBFlipsideViewController.m */ = {isa = PBXFileReference; fileEncoding = 4; lastKnownFileType = sourcecode.c.objc; path = MBFlipsideViewController.m; sourceTree = "<group>"; };
		2A2AC1B8176D67D700E449BD /* MBMainViewController.h */ = {isa = PBXFileReference; fileEncoding = 4; lastKnownFileType = sourcecode.c.h; path = MBMainViewController.h; sourceTree = "<group>"; };
		2A2AC1B9176D67D700E449BD /* MBMainViewController.m */ = {isa = PBXFileReference; fileEncoding = 4; lastKnownFileType = sourcecode.c.objc; path = MBMainViewController.m; sourceTree = "<group>"; };
		2A2AC1BC176D682500E449BD /* MBNowViewController.h */ = {isa = PBXFileReference; fileEncoding = 4; lastKnownFileType = sourcecode.c.h; path = MBNowViewController.h; sourceTree = "<group>"; };
		2A2AC1BD176D682500E449BD /* MBNowViewController.m */ = {isa = PBXFileReference; fileEncoding = 4; lastKnownFileType = sourcecode.c.objc; path = MBNowViewController.m; sourceTree = "<group>"; };
		2A2AC1C0176D6B9000E449BD /* Framework.h */ = {isa = PBXFileReference; lastKnownFileType = sourcecode.c.h; path = Framework.h; sourceTree = "<group>"; };
		2A2AC1C1176D6BF700E449BD /* Models.h */ = {isa = PBXFileReference; lastKnownFileType = sourcecode.c.h; path = Models.h; sourceTree = "<group>"; };
		2A2AC1DC176D814C00E449BD /* MBRoomDaySchedule+Engine.h */ = {isa = PBXFileReference; fileEncoding = 4; lastKnownFileType = sourcecode.c.h; path = "MBRoomDaySchedule+Engine.h"; sourceTree = "<group>"; };
		2A2AC1DD176D814C00E449BD /* MBRoomDaySchedule+Engine.m */ = {isa = PBXFileReference; fileEncoding = 4; lastKnownFileType = sourcecode.c.objc; path = "MBRoomDaySchedule+Engine.m"; sourceTree = "<group>"; };
		2A2AC1E2176D893B00E449BD /* MBTimeWindow.h */ = {isa = PBXFileReference; fileEncoding = 4; lastKnownFileType = sourcecode.c.h; path = MBTimeWindow.h; sourceTree = "<group>"; };
		2A2AC1E3176D893B00E449BD /* MBTimeWindow.m */ = {isa = PBXFileReference; fileEncoding = 4; lastKnownFileType = sourcecode.c.objc; path = MBTimeWindow.m; sourceTree = "<group>"; };
		A76794F5B26D43FC90B5301A /* libPods.a */ = {isa = PBXFileReference; explicitFileType = archive.ar; includeInIndex = 0; path = libPods.a; sourceTree = BUILT_PRODUCTS_DIR; };
		FD2361A5176BB4FE002CABE7 /* Roomie.app */ = {isa = PBXFileReference; explicitFileType = wrapper.application; includeInIndex = 0; path = Roomie.app; sourceTree = BUILT_PRODUCTS_DIR; };
		FD2361A8176BB4FE002CABE7 /* UIKit.framework */ = {isa = PBXFileReference; lastKnownFileType = wrapper.framework; name = UIKit.framework; path = System/Library/Frameworks/UIKit.framework; sourceTree = SDKROOT; };
		FD2361AA176BB4FE002CABE7 /* Foundation.framework */ = {isa = PBXFileReference; lastKnownFileType = wrapper.framework; name = Foundation.framework; path = System/Library/Frameworks/Foundation.framework; sourceTree = SDKROOT; };
		FD2361AC176BB4FE002CABE7 /* CoreGraphics.framework */ = {isa = PBXFileReference; lastKnownFileType = wrapper.framework; name = CoreGraphics.framework; path = System/Library/Frameworks/CoreGraphics.framework; sourceTree = SDKROOT; };
		FD2361B0176BB4FE002CABE7 /* Roomie-Info.plist */ = {isa = PBXFileReference; lastKnownFileType = text.plist.xml; path = "Roomie-Info.plist"; sourceTree = "<group>"; };
		FD2361B2176BB4FE002CABE7 /* en */ = {isa = PBXFileReference; lastKnownFileType = text.plist.strings; name = en; path = en.lproj/InfoPlist.strings; sourceTree = "<group>"; };
		FD2361B4176BB4FE002CABE7 /* main.m */ = {isa = PBXFileReference; lastKnownFileType = sourcecode.c.objc; path = main.m; sourceTree = "<group>"; };
		FD2361B6176BB4FE002CABE7 /* Roomie-Prefix.pch */ = {isa = PBXFileReference; lastKnownFileType = sourcecode.c.h; path = "Roomie-Prefix.pch"; sourceTree = "<group>"; };
		FD2361B7176BB4FE002CABE7 /* MBAppDelegate.h */ = {isa = PBXFileReference; lastKnownFileType = sourcecode.c.h; path = MBAppDelegate.h; sourceTree = "<group>"; };
		FD2361B8176BB4FE002CABE7 /* MBAppDelegate.m */ = {isa = PBXFileReference; lastKnownFileType = sourcecode.c.objc; path = MBAppDelegate.m; sourceTree = "<group>"; };
		FD2361BA176BB4FE002CABE7 /* Default.png */ = {isa = PBXFileReference; lastKnownFileType = image.png; path = Default.png; sourceTree = "<group>"; };
		FD2361BC176BB4FE002CABE7 /* Default@2x.png */ = {isa = PBXFileReference; lastKnownFileType = image.png; path = "Default@2x.png"; sourceTree = "<group>"; };
		FD2361BE176BB4FE002CABE7 /* Default-568h@2x.png */ = {isa = PBXFileReference; lastKnownFileType = image.png; path = "Default-568h@2x.png"; sourceTree = "<group>"; };
		FD2361C1176BB4FE002CABE7 /* en */ = {isa = PBXFileReference; lastKnownFileType = file.storyboard; name = en; path = en.lproj/MainStoryboard.storyboard; sourceTree = "<group>"; };
		FD2361CE176BB4FE002CABE7 /* RoomieTests.octest */ = {isa = PBXFileReference; explicitFileType = wrapper.cfbundle; includeInIndex = 0; path = RoomieTests.octest; sourceTree = BUILT_PRODUCTS_DIR; };
		FD2361CF176BB4FE002CABE7 /* SenTestingKit.framework */ = {isa = PBXFileReference; lastKnownFileType = wrapper.framework; name = SenTestingKit.framework; path = Library/Frameworks/SenTestingKit.framework; sourceTree = DEVELOPER_DIR; };
		FD2361D7176BB4FE002CABE7 /* RoomieTests-Info.plist */ = {isa = PBXFileReference; lastKnownFileType = text.plist.xml; path = "RoomieTests-Info.plist"; sourceTree = "<group>"; };
		FD2361D9176BB4FE002CABE7 /* en */ = {isa = PBXFileReference; lastKnownFileType = text.plist.strings; name = en; path = en.lproj/InfoPlist.strings; sourceTree = "<group>"; };
		FD2361DB176BB4FE002CABE7 /* RoomieTests.h */ = {isa = PBXFileReference; lastKnownFileType = sourcecode.c.h; path = RoomieTests.h; sourceTree = "<group>"; };
		FD2361DC176BB4FE002CABE7 /* RoomieTests.m */ = {isa = PBXFileReference; lastKnownFileType = sourcecode.c.objc; path = RoomieTests.m; sourceTree = "<group>"; };
		FD6C64CC176BBCB000F68E86 /* MBStaff.h */ = {isa = PBXFileReference; fileEncoding = 4; lastKnownFileType = sourcecode.c.h; path = MBStaff.h; sourceTree = "<group>"; };
		FD6C64CD176BBCB000F68E86 /* MBStaff.m */ = {isa = PBXFileReference; fileEncoding = 4; lastKnownFileType = sourcecode.c.objc; path = MBStaff.m; sourceTree = "<group>"; };
		FD6C64CF176BBCD400F68E86 /* MBRoom.h */ = {isa = PBXFileReference; fileEncoding = 4; lastKnownFileType = sourcecode.c.h; path = MBRoom.h; sourceTree = "<group>"; };
		FD6C64D0176BBCD400F68E86 /* MBRoom.m */ = {isa = PBXFileReference; fileEncoding = 4; lastKnownFileType = sourcecode.c.objc; path = MBRoom.m; sourceTree = "<group>"; };
		FD6C64D2176BBCED00F68E86 /* MBRoomBooking.h */ = {isa = PBXFileReference; fileEncoding = 4; lastKnownFileType = sourcecode.c.h; path = MBRoomBooking.h; sourceTree = "<group>"; };
		FD6C64D3176BBCED00F68E86 /* MBRoomBooking.m */ = {isa = PBXFileReference; fileEncoding = 4; lastKnownFileType = sourcecode.c.objc; path = MBRoomBooking.m; sourceTree = "<group>"; };
		FD6C64D6176BBE5200F68E86 /* MBRoomDaySchedule.h */ = {isa = PBXFileReference; fileEncoding = 4; lastKnownFileType = sourcecode.c.h; path = MBRoomDaySchedule.h; sourceTree = "<group>"; };
		FD6C64D7176BBE5200F68E86 /* MBRoomDaySchedule.m */ = {isa = PBXFileReference; fileEncoding = 4; lastKnownFileType = sourcecode.c.objc; path = MBRoomDaySchedule.m; sourceTree = "<group>"; };
		FD6C64DC176BC03D00F68E86 /* Macros.h */ = {isa = PBXFileReference; lastKnownFileType = sourcecode.c.h; path = Macros.h; sourceTree = "<group>"; };
		FD6C64DF176BC60A00F68E86 /* NSDate+DateBrain.h */ = {isa = PBXFileReference; fileEncoding = 4; lastKnownFileType = sourcecode.c.h; path = "NSDate+DateBrain.h"; sourceTree = "<group>"; };
		FD6C64E0176BC60B00F68E86 /* NSDate+DateBrain.m */ = {isa = PBXFileReference; fileEncoding = 4; lastKnownFileType = sourcecode.c.objc; path = "NSDate+DateBrain.m"; sourceTree = "<group>"; };
		FDA5E325176C20DF0075802B /* QuartzCore.framework */ = {isa = PBXFileReference; lastKnownFileType = wrapper.framework; name = QuartzCore.framework; path = System/Library/Frameworks/QuartzCore.framework; sourceTree = SDKROOT; };
		FDA5E328176C21E50075802B /* MBRoomMockRepository.h */ = {isa = PBXFileReference; fileEncoding = 4; lastKnownFileType = sourcecode.c.h; path = MBRoomMockRepository.h; sourceTree = "<group>"; };
		FDA5E329176C21E50075802B /* MBRoomMockRepository.m */ = {isa = PBXFileReference; fileEncoding = 4; lastKnownFileType = sourcecode.c.objc; path = MBRoomMockRepository.m; sourceTree = "<group>"; };
		FDA5E32A176C21E50075802B /* MBRoomRepository.h */ = {isa = PBXFileReference; fileEncoding = 4; lastKnownFileType = sourcecode.c.h; path = MBRoomRepository.h; sourceTree = "<group>"; };
		FDA5E32B176C21E50075802B /* MBRoomService.h */ = {isa = PBXFileReference; fileEncoding = 4; lastKnownFileType = sourcecode.c.h; path = MBRoomService.h; sourceTree = "<group>"; };
		FDA5E32C176C21E50075802B /* MBRoomService.m */ = {isa = PBXFileReference; fileEncoding = 4; lastKnownFileType = sourcecode.c.objc; path = MBRoomService.m; sourceTree = "<group>"; };
		FDA5E330176C31BB0075802B /* MBRoomBooking+MAEvent.h */ = {isa = PBXFileReference; fileEncoding = 4; lastKnownFileType = sourcecode.c.h; name = "MBRoomBooking+MAEvent.h"; path = "Roomie/Mappers/MBRoomBooking+MAEvent.h"; sourceTree = SOURCE_ROOT; };
		FDA5E331176C31BB0075802B /* MBRoomBooking+MAEvent.m */ = {isa = PBXFileReference; fileEncoding = 4; lastKnownFileType = sourcecode.c.objc; name = "MBRoomBooking+MAEvent.m"; path = "Roomie/Mappers/MBRoomBooking+MAEvent.m"; sourceTree = SOURCE_ROOT; };
		FDA5E333176C3C220075802B /* MBRoomDaySchedule+MAEvents.h */ = {isa = PBXFileReference; fileEncoding = 4; lastKnownFileType = sourcecode.c.h; path = "MBRoomDaySchedule+MAEvents.h"; sourceTree = "<group>"; };
		FDA5E334176C3C220075802B /* MBRoomDaySchedule+MAEvents.m */ = {isa = PBXFileReference; fileEncoding = 4; lastKnownFileType = sourcecode.c.objc; path = "MBRoomDaySchedule+MAEvents.m"; sourceTree = "<group>"; };
/* End PBXFileReference section */

/* Begin PBXFrameworksBuildPhase section */
		FD2361A2176BB4FE002CABE7 /* Frameworks */ = {
			isa = PBXFrameworksBuildPhase;
			buildActionMask = 2147483647;
			files = (
				FDA5E326176C20DF0075802B /* QuartzCore.framework in Frameworks */,
				FD2361A9176BB4FE002CABE7 /* UIKit.framework in Frameworks */,
				FD2361AB176BB4FE002CABE7 /* Foundation.framework in Frameworks */,
				FD2361AD176BB4FE002CABE7 /* CoreGraphics.framework in Frameworks */,
				1CF3C08EA7A3467E9E698879 /* libPods.a in Frameworks */,
			);
			runOnlyForDeploymentPostprocessing = 0;
		};
		FD2361CA176BB4FE002CABE7 /* Frameworks */ = {
			isa = PBXFrameworksBuildPhase;
			buildActionMask = 2147483647;
			files = (
				FD2361D0176BB4FE002CABE7 /* SenTestingKit.framework in Frameworks */,
				FD2361D1176BB4FE002CABE7 /* UIKit.framework in Frameworks */,
				FD2361D2176BB4FE002CABE7 /* Foundation.framework in Frameworks */,
			);
			runOnlyForDeploymentPostprocessing = 0;
		};
/* End PBXFrameworksBuildPhase section */

/* Begin PBXGroup section */
		2A2AC1B5176D67D700E449BD /* ViewControllers */ = {
			isa = PBXGroup;
			children = (
				2A2AC1B6176D67D700E449BD /* MBFlipsideViewController.h */,
				2A2AC1B7176D67D700E449BD /* MBFlipsideViewController.m */,
				2A2AC1B8176D67D700E449BD /* MBMainViewController.h */,
				2A2AC1B9176D67D700E449BD /* MBMainViewController.m */,
				2A2AC1BC176D682500E449BD /* MBNowViewController.h */,
				2A2AC1BD176D682500E449BD /* MBNowViewController.m */,
			);
			path = ViewControllers;
			sourceTree = "<group>";
		};
		2A2AC1BF176D6B8000E449BD /* Headers */ = {
			isa = PBXGroup;
			children = (
				2A2AC1C0176D6B9000E449BD /* Framework.h */,
				2A2AC1C1176D6BF700E449BD /* Models.h */,
			);
			path = Headers;
			sourceTree = "<group>";
		};
		FD23619C176BB4FD002CABE7 = {
			isa = PBXGroup;
			children = (
				FDA5E325176C20DF0075802B /* QuartzCore.framework */,
				FD2361AE176BB4FE002CABE7 /* Roomie */,
				FD2361D5176BB4FE002CABE7 /* RoomieTests */,
				FD2361A7176BB4FE002CABE7 /* Frameworks */,
				FD2361A6176BB4FE002CABE7 /* Products */,
				264AE6F48D0F431B8E884C9C /* Pods.xcconfig */,
			);
			sourceTree = "<group>";
		};
		FD2361A6176BB4FE002CABE7 /* Products */ = {
			isa = PBXGroup;
			children = (
				FD2361A5176BB4FE002CABE7 /* Roomie.app */,
				FD2361CE176BB4FE002CABE7 /* RoomieTests.octest */,
			);
			name = Products;
			sourceTree = "<group>";
		};
		FD2361A7176BB4FE002CABE7 /* Frameworks */ = {
			isa = PBXGroup;
			children = (
				FD2361A8176BB4FE002CABE7 /* UIKit.framework */,
				FD2361AA176BB4FE002CABE7 /* Foundation.framework */,
				FD2361AC176BB4FE002CABE7 /* CoreGraphics.framework */,
				FD2361CF176BB4FE002CABE7 /* SenTestingKit.framework */,
				A76794F5B26D43FC90B5301A /* libPods.a */,
			);
			name = Frameworks;
			sourceTree = "<group>";
		};
		FD2361AE176BB4FE002CABE7 /* Roomie */ = {
			isa = PBXGroup;
			children = (
				2A2AC1BF176D6B8000E449BD /* Headers */,
				FDA5E32F176C2E3B0075802B /* Mappers */,
				FD6C64DE176BC5F300F68E86 /* Util */,
				FD6C64C8176BBA8900F68E86 /* Models */,
				FD2361B7176BB4FE002CABE7 /* MBAppDelegate.h */,
				FD2361B8176BB4FE002CABE7 /* MBAppDelegate.m */,
				FD2361C0176BB4FE002CABE7 /* MainStoryboard.storyboard */,
				FD2361AF176BB4FE002CABE7 /* Supporting Files */,
				FD6C64DC176BC03D00F68E86 /* Macros.h */,
				2A2AC1B5176D67D700E449BD /* ViewControllers */,
			);
			path = Roomie;
			sourceTree = "<group>";
		};
		FD2361AF176BB4FE002CABE7 /* Supporting Files */ = {
			isa = PBXGroup;
			children = (
				FD2361B0176BB4FE002CABE7 /* Roomie-Info.plist */,
				FD2361B1176BB4FE002CABE7 /* InfoPlist.strings */,
				FD2361B4176BB4FE002CABE7 /* main.m */,
				FD2361B6176BB4FE002CABE7 /* Roomie-Prefix.pch */,
				FD2361BA176BB4FE002CABE7 /* Default.png */,
				FD2361BC176BB4FE002CABE7 /* Default@2x.png */,
				FD2361BE176BB4FE002CABE7 /* Default-568h@2x.png */,
			);
			name = "Supporting Files";
			sourceTree = "<group>";
		};
		FD2361D5176BB4FE002CABE7 /* RoomieTests */ = {
			isa = PBXGroup;
			children = (
				FD2361DB176BB4FE002CABE7 /* RoomieTests.h */,
				FD2361DC176BB4FE002CABE7 /* RoomieTests.m */,
				FD2361D6176BB4FE002CABE7 /* Supporting Files */,
			);
			path = RoomieTests;
			sourceTree = "<group>";
		};
		FD2361D6176BB4FE002CABE7 /* Supporting Files */ = {
			isa = PBXGroup;
			children = (
				FD2361D7176BB4FE002CABE7 /* RoomieTests-Info.plist */,
				FD2361D8176BB4FE002CABE7 /* InfoPlist.strings */,
			);
			name = "Supporting Files";
			sourceTree = "<group>";
		};
		FD6C64C8176BBA8900F68E86 /* Models */ = {
			isa = PBXGroup;
			children = (
				FDA5E327176C21E50075802B /* Framework */,
				FD6C64CC176BBCB000F68E86 /* MBStaff.h */,
				FD6C64CD176BBCB000F68E86 /* MBStaff.m */,
				FD6C64CF176BBCD400F68E86 /* MBRoom.h */,
				FD6C64D0176BBCD400F68E86 /* MBRoom.m */,
				FD6C64D2176BBCED00F68E86 /* MBRoomBooking.h */,
				FD6C64D3176BBCED00F68E86 /* MBRoomBooking.m */,
				FD6C64D6176BBE5200F68E86 /* MBRoomDaySchedule.h */,
				FDA5E333176C3C220075802B /* MBRoomDaySchedule+MAEvents.h */,
				FDA5E334176C3C220075802B /* MBRoomDaySchedule+MAEvents.m */,
				FD6C64D7176BBE5200F68E86 /* MBRoomDaySchedule.m */,
				FDA5E330176C31BB0075802B /* MBRoomBooking+MAEvent.h */,
				FDA5E331176C31BB0075802B /* MBRoomBooking+MAEvent.m */,
				2A2AC1DC176D814C00E449BD /* MBRoomDaySchedule+Engine.h */,
				2A2AC1DD176D814C00E449BD /* MBRoomDaySchedule+Engine.m */,
				2A2AC1E2176D893B00E449BD /* MBTimeWindow.h */,
				2A2AC1E3176D893B00E449BD /* MBTimeWindow.m */,
			);
			path = Models;
			sourceTree = "<group>";
		};
		FD6C64DE176BC5F300F68E86 /* Util */ = {
			isa = PBXGroup;
			children = (
				FD6C64DF176BC60A00F68E86 /* NSDate+DateBrain.h */,
				FD6C64E0176BC60B00F68E86 /* NSDate+DateBrain.m */,
			);
			path = Util;
			sourceTree = "<group>";
		};
		FDA5E327176C21E50075802B /* Framework */ = {
			isa = PBXGroup;
			children = (
				FDA5E328176C21E50075802B /* MBRoomMockRepository.h */,
				FDA5E329176C21E50075802B /* MBRoomMockRepository.m */,
				FDA5E32A176C21E50075802B /* MBRoomRepository.h */,
				FDA5E32B176C21E50075802B /* MBRoomService.h */,
				FDA5E32C176C21E50075802B /* MBRoomService.m */,
			);
			path = Framework;
			sourceTree = "<group>";
		};
		FDA5E32F176C2E3B0075802B /* Mappers */ = {
			isa = PBXGroup;
			children = (
			);
			path = Mappers;
			sourceTree = "<group>";
		};
/* End PBXGroup section */

/* Begin PBXNativeTarget section */
		FD2361A4176BB4FE002CABE7 /* Roomie */ = {
			isa = PBXNativeTarget;
			buildConfigurationList = FD2361E0176BB4FE002CABE7 /* Build configuration list for PBXNativeTarget "Roomie" */;
			buildPhases = (
				B641267345264801985C6325 /* Check Pods Manifest.lock */,
				FD2361A1176BB4FE002CABE7 /* Sources */,
				FD2361A2176BB4FE002CABE7 /* Frameworks */,
				FD2361A3176BB4FE002CABE7 /* Resources */,
				35FD6D047AC94981A5DC9464 /* Copy Pods Resources */,
			);
			buildRules = (
			);
			dependencies = (
			);
			name = Roomie;
			productName = Roomie;
			productReference = FD2361A5176BB4FE002CABE7 /* Roomie.app */;
			productType = "com.apple.product-type.application";
		};
		FD2361CD176BB4FE002CABE7 /* RoomieTests */ = {
			isa = PBXNativeTarget;
			buildConfigurationList = FD2361E3176BB4FE002CABE7 /* Build configuration list for PBXNativeTarget "RoomieTests" */;
			buildPhases = (
				FD2361C9176BB4FE002CABE7 /* Sources */,
				FD2361CA176BB4FE002CABE7 /* Frameworks */,
				FD2361CB176BB4FE002CABE7 /* Resources */,
				FD2361CC176BB4FE002CABE7 /* ShellScript */,
			);
			buildRules = (
			);
			dependencies = (
				FD2361D4176BB4FE002CABE7 /* PBXTargetDependency */,
			);
			name = RoomieTests;
			productName = RoomieTests;
			productReference = FD2361CE176BB4FE002CABE7 /* RoomieTests.octest */;
			productType = "com.apple.product-type.bundle";
		};
/* End PBXNativeTarget section */

/* Begin PBXProject section */
		FD23619D176BB4FD002CABE7 /* Project object */ = {
			isa = PBXProject;
			attributes = {
				CLASSPREFIX = MB;
				LastUpgradeCheck = 0460;
				ORGANIZATIONNAME = MINDBODY;
			};
			buildConfigurationList = FD2361A0176BB4FD002CABE7 /* Build configuration list for PBXProject "Roomie" */;
			compatibilityVersion = "Xcode 3.2";
			developmentRegion = English;
			hasScannedForEncodings = 0;
			knownRegions = (
				en,
			);
			mainGroup = FD23619C176BB4FD002CABE7;
			productRefGroup = FD2361A6176BB4FE002CABE7 /* Products */;
			projectDirPath = "";
			projectRoot = "";
			targets = (
				FD2361A4176BB4FE002CABE7 /* Roomie */,
				FD2361CD176BB4FE002CABE7 /* RoomieTests */,
			);
		};
/* End PBXProject section */

/* Begin PBXResourcesBuildPhase section */
		FD2361A3176BB4FE002CABE7 /* Resources */ = {
			isa = PBXResourcesBuildPhase;
			buildActionMask = 2147483647;
			files = (
				FD2361B3176BB4FE002CABE7 /* InfoPlist.strings in Resources */,
				FD2361BB176BB4FE002CABE7 /* Default.png in Resources */,
				FD2361BD176BB4FE002CABE7 /* Default@2x.png in Resources */,
				FD2361BF176BB4FE002CABE7 /* Default-568h@2x.png in Resources */,
				FD2361C2176BB4FE002CABE7 /* MainStoryboard.storyboard in Resources */,
			);
			runOnlyForDeploymentPostprocessing = 0;
		};
		FD2361CB176BB4FE002CABE7 /* Resources */ = {
			isa = PBXResourcesBuildPhase;
			buildActionMask = 2147483647;
			files = (
				FD2361DA176BB4FE002CABE7 /* InfoPlist.strings in Resources */,
			);
			runOnlyForDeploymentPostprocessing = 0;
		};
/* End PBXResourcesBuildPhase section */

/* Begin PBXShellScriptBuildPhase section */
		35FD6D047AC94981A5DC9464 /* Copy Pods Resources */ = {
			isa = PBXShellScriptBuildPhase;
			buildActionMask = 2147483647;
			files = (
			);
			inputPaths = (
			);
			name = "Copy Pods Resources";
			outputPaths = (
			);
			runOnlyForDeploymentPostprocessing = 0;
			shellPath = /bin/sh;
			shellScript = "\"${SRCROOT}/Pods/Pods-resources.sh\"\n";
		};
		B641267345264801985C6325 /* Check Pods Manifest.lock */ = {
			isa = PBXShellScriptBuildPhase;
			buildActionMask = 2147483647;
			files = (
			);
			inputPaths = (
			);
			name = "Check Pods Manifest.lock";
			outputPaths = (
			);
			runOnlyForDeploymentPostprocessing = 0;
			shellPath = /bin/sh;
			shellScript = "diff \"${PODS_ROOT}/../Podfile.lock\" \"${PODS_ROOT}/Manifest.lock\" > /dev/null\nif [[ $? != 0 ]] ; then\n    cat << EOM\nerror: The sandbox is not in sync with the Podfile.lock. Run 'pod install' or update your CocoaPods installation.\nEOM\n    exit 1\nfi\n";
		};
		FD2361CC176BB4FE002CABE7 /* ShellScript */ = {
			isa = PBXShellScriptBuildPhase;
			buildActionMask = 2147483647;
			files = (
			);
			inputPaths = (
			);
			outputPaths = (
			);
			runOnlyForDeploymentPostprocessing = 0;
			shellPath = /bin/sh;
			shellScript = "# Run the unit tests in this test bundle.\n\"${SYSTEM_DEVELOPER_DIR}/Tools/RunUnitTests\"\n";
		};
/* End PBXShellScriptBuildPhase section */

/* Begin PBXSourcesBuildPhase section */
		FD2361A1176BB4FE002CABE7 /* Sources */ = {
			isa = PBXSourcesBuildPhase;
			buildActionMask = 2147483647;
			files = (
				FD2361B5176BB4FE002CABE7 /* main.m in Sources */,
				FD2361B9176BB4FE002CABE7 /* MBAppDelegate.m in Sources */,
				FD6C64CE176BBCB000F68E86 /* MBStaff.m in Sources */,
				FD6C64D1176BBCD400F68E86 /* MBRoom.m in Sources */,
				FD6C64D4176BBCED00F68E86 /* MBRoomBooking.m in Sources */,
				FD6C64D8176BBE5300F68E86 /* MBRoomDaySchedule.m in Sources */,
				FD6C64E1176BC60B00F68E86 /* NSDate+DateBrain.m in Sources */,
				FDA5E32D176C21E50075802B /* MBRoomMockRepository.m in Sources */,
				FDA5E32E176C21E50075802B /* MBRoomService.m in Sources */,
				FDA5E332176C31BB0075802B /* MBRoomBooking+MAEvent.m in Sources */,
				FDA5E335176C3C230075802B /* MBRoomDaySchedule+MAEvents.m in Sources */,
				2A2AC1BA176D67D700E449BD /* MBFlipsideViewController.m in Sources */,
				2A2AC1BB176D67D700E449BD /* MBMainViewController.m in Sources */,
				2A2AC1BE176D682500E449BD /* MBNowViewController.m in Sources */,
				2A2AC1DE176D814C00E449BD /* MBRoomDaySchedule+Engine.m in Sources */,
				2A2AC1E4176D893B00E449BD /* MBTimeWindow.m in Sources */,
			);
			runOnlyForDeploymentPostprocessing = 0;
		};
		FD2361C9176BB4FE002CABE7 /* Sources */ = {
			isa = PBXSourcesBuildPhase;
			buildActionMask = 2147483647;
			files = (
				FD2361DD176BB4FE002CABE7 /* RoomieTests.m in Sources */,
			);
			runOnlyForDeploymentPostprocessing = 0;
		};
/* End PBXSourcesBuildPhase section */

/* Begin PBXTargetDependency section */
		FD2361D4176BB4FE002CABE7 /* PBXTargetDependency */ = {
			isa = PBXTargetDependency;
			target = FD2361A4176BB4FE002CABE7 /* Roomie */;
			targetProxy = FD2361D3176BB4FE002CABE7 /* PBXContainerItemProxy */;
		};
/* End PBXTargetDependency section */

/* Begin PBXVariantGroup section */
		FD2361B1176BB4FE002CABE7 /* InfoPlist.strings */ = {
			isa = PBXVariantGroup;
			children = (
				FD2361B2176BB4FE002CABE7 /* en */,
			);
			name = InfoPlist.strings;
			sourceTree = "<group>";
		};
		FD2361C0176BB4FE002CABE7 /* MainStoryboard.storyboard */ = {
			isa = PBXVariantGroup;
			children = (
				FD2361C1176BB4FE002CABE7 /* en */,
			);
			name = MainStoryboard.storyboard;
			sourceTree = "<group>";
		};
		FD2361D8176BB4FE002CABE7 /* InfoPlist.strings */ = {
			isa = PBXVariantGroup;
			children = (
				FD2361D9176BB4FE002CABE7 /* en */,
			);
			name = InfoPlist.strings;
			sourceTree = "<group>";
		};
/* End PBXVariantGroup section */

/* Begin XCBuildConfiguration section */
		FD2361DE176BB4FE002CABE7 /* Debug */ = {
			isa = XCBuildConfiguration;
			buildSettings = {
				ALWAYS_SEARCH_USER_PATHS = NO;
				CLANG_CXX_LANGUAGE_STANDARD = "gnu++0x";
				CLANG_CXX_LIBRARY = "libc++";
				CLANG_ENABLE_OBJC_ARC = YES;
				CLANG_WARN_CONSTANT_CONVERSION = YES;
				CLANG_WARN_EMPTY_BODY = YES;
				CLANG_WARN_ENUM_CONVERSION = YES;
				CLANG_WARN_INT_CONVERSION = YES;
				CLANG_WARN__DUPLICATE_METHOD_MATCH = YES;
				"CODE_SIGN_IDENTITY[sdk=iphoneos*]" = "iPhone Developer";
				COPY_PHASE_STRIP = NO;
				GCC_C_LANGUAGE_STANDARD = gnu99;
				GCC_DYNAMIC_NO_PIC = NO;
				GCC_OPTIMIZATION_LEVEL = 0;
				GCC_PREPROCESSOR_DEFINITIONS = (
					"DEBUG=1",
					"$(inherited)",
				);
				GCC_SYMBOLS_PRIVATE_EXTERN = NO;
				GCC_WARN_ABOUT_RETURN_TYPE = YES;
				GCC_WARN_UNINITIALIZED_AUTOS = YES;
				GCC_WARN_UNUSED_VARIABLE = YES;
				IPHONEOS_DEPLOYMENT_TARGET = 6.1;
				ONLY_ACTIVE_ARCH = YES;
				SDKROOT = iphoneos;
				TARGETED_DEVICE_FAMILY = 2;
			};
			name = Debug;
		};
		FD2361DF176BB4FE002CABE7 /* Release */ = {
			isa = XCBuildConfiguration;
			buildSettings = {
				ALWAYS_SEARCH_USER_PATHS = NO;
				CLANG_CXX_LANGUAGE_STANDARD = "gnu++0x";
				CLANG_CXX_LIBRARY = "libc++";
				CLANG_ENABLE_OBJC_ARC = YES;
				CLANG_WARN_CONSTANT_CONVERSION = YES;
				CLANG_WARN_EMPTY_BODY = YES;
				CLANG_WARN_ENUM_CONVERSION = YES;
				CLANG_WARN_INT_CONVERSION = YES;
				CLANG_WARN__DUPLICATE_METHOD_MATCH = YES;
				"CODE_SIGN_IDENTITY[sdk=iphoneos*]" = "iPhone Developer";
				COPY_PHASE_STRIP = YES;
				GCC_C_LANGUAGE_STANDARD = gnu99;
				GCC_WARN_ABOUT_RETURN_TYPE = YES;
				GCC_WARN_UNINITIALIZED_AUTOS = YES;
				GCC_WARN_UNUSED_VARIABLE = YES;
				IPHONEOS_DEPLOYMENT_TARGET = 6.1;
				OTHER_CFLAGS = "-DNS_BLOCK_ASSERTIONS=1";
				SDKROOT = iphoneos;
				TARGETED_DEVICE_FAMILY = 2;
				VALIDATE_PRODUCT = YES;
			};
			name = Release;
		};
		FD2361E1176BB4FE002CABE7 /* Debug */ = {
			isa = XCBuildConfiguration;
			baseConfigurationReference = 264AE6F48D0F431B8E884C9C /* Pods.xcconfig */;
			buildSettings = {
				GCC_PRECOMPILE_PREFIX_HEADER = YES;
				GCC_PREFIX_HEADER = "Roomie/Roomie-Prefix.pch";
				INFOPLIST_FILE = "Roomie/Roomie-Info.plist";
				PRODUCT_NAME = "$(TARGET_NAME)";
				WRAPPER_EXTENSION = app;
			};
			name = Debug;
		};
		FD2361E2176BB4FE002CABE7 /* Release */ = {
			isa = XCBuildConfiguration;
			baseConfigurationReference = 264AE6F48D0F431B8E884C9C /* Pods.xcconfig */;
			buildSettings = {
				GCC_PRECOMPILE_PREFIX_HEADER = YES;
				GCC_PREFIX_HEADER = "Roomie/Roomie-Prefix.pch";
				INFOPLIST_FILE = "Roomie/Roomie-Info.plist";
				PRODUCT_NAME = "$(TARGET_NAME)";
				WRAPPER_EXTENSION = app;
			};
			name = Release;
		};
		FD2361E4176BB4FE002CABE7 /* Debug */ = {
			isa = XCBuildConfiguration;
			buildSettings = {
				BUNDLE_LOADER = "$(BUILT_PRODUCTS_DIR)/Roomie.app/Roomie";
				FRAMEWORK_SEARCH_PATHS = (
					"\"$(SDKROOT)/Developer/Library/Frameworks\"",
					"\"$(DEVELOPER_LIBRARY_DIR)/Frameworks\"",
				);
				GCC_PRECOMPILE_PREFIX_HEADER = YES;
				GCC_PREFIX_HEADER = "Roomie/Roomie-Prefix.pch";
				INFOPLIST_FILE = "RoomieTests/RoomieTests-Info.plist";
				PRODUCT_NAME = "$(TARGET_NAME)";
				TEST_HOST = "$(BUNDLE_LOADER)";
				WRAPPER_EXTENSION = octest;
			};
			name = Debug;
		};
		FD2361E5176BB4FE002CABE7 /* Release */ = {
			isa = XCBuildConfiguration;
			buildSettings = {
				BUNDLE_LOADER = "$(BUILT_PRODUCTS_DIR)/Roomie.app/Roomie";
				FRAMEWORK_SEARCH_PATHS = (
					"\"$(SDKROOT)/Developer/Library/Frameworks\"",
					"\"$(DEVELOPER_LIBRARY_DIR)/Frameworks\"",
				);
				GCC_PRECOMPILE_PREFIX_HEADER = YES;
				GCC_PREFIX_HEADER = "Roomie/Roomie-Prefix.pch";
				INFOPLIST_FILE = "RoomieTests/RoomieTests-Info.plist";
				PRODUCT_NAME = "$(TARGET_NAME)";
				TEST_HOST = "$(BUNDLE_LOADER)";
				WRAPPER_EXTENSION = octest;
			};
			name = Release;
		};
/* End XCBuildConfiguration section */

/* Begin XCConfigurationList section */
		FD2361A0176BB4FD002CABE7 /* Build configuration list for PBXProject "Roomie" */ = {
			isa = XCConfigurationList;
			buildConfigurations = (
				FD2361DE176BB4FE002CABE7 /* Debug */,
				FD2361DF176BB4FE002CABE7 /* Release */,
			);
			defaultConfigurationIsVisible = 0;
			defaultConfigurationName = Release;
		};
		FD2361E0176BB4FE002CABE7 /* Build configuration list for PBXNativeTarget "Roomie" */ = {
			isa = XCConfigurationList;
			buildConfigurations = (
				FD2361E1176BB4FE002CABE7 /* Debug */,
				FD2361E2176BB4FE002CABE7 /* Release */,
			);
			defaultConfigurationIsVisible = 0;
			defaultConfigurationName = Release;
		};
		FD2361E3176BB4FE002CABE7 /* Build configuration list for PBXNativeTarget "RoomieTests" */ = {
			isa = XCConfigurationList;
			buildConfigurations = (
				FD2361E4176BB4FE002CABE7 /* Debug */,
				FD2361E5176BB4FE002CABE7 /* Release */,
			);
			defaultConfigurationIsVisible = 0;
			defaultConfigurationName = Release;
		};
/* End XCConfigurationList section */
	};
	rootObject = FD23619D176BB4FD002CABE7 /* Project object */;
}
